<Solution>
  <Folder Name="/Aspire/">
    <Project Path="src/Aspire/CostaRica.Catalog.AppHost/CostaRica.Catalog.AppHost.csproj" />
    <Project Path="src/Aspire/CostaRica.Catalog.ServiceDefaults/CostaRica.Catalog.ServiceDefaults.csproj" />
  </Folder>
  <Folder Name="/Mobile/" />
  <Folder Name="/Services/" />
  <Folder Name="/Tests/" />
</Solution>
